
Microsoft Visual Studio Solution File, Format Version 12.00
# Visual Studio Version 16
VisualStudioVersion = 16.0.32413.511
MinimumVisualStudioVersion = 10.0.40219.1
Project("{FAE04EC0-301F-11D3-BF4B-00C04F79EFBC}") = "Exercise2", "Exercise2\Exercise2.csproj", "{7860C745-2ECC-414A-8A07-6ED64294DDD5}"
EndProject
Global
	GlobalSection(SolutionConfigurationPlatforms) = preSolution
		Debug|Any CPU = Debug|Any CPU
		Release|Any CPU = Release|Any CPU
	EndGlobalSection
	GlobalSection(ProjectConfigurationPlatforms) = postSolution
		{7860C745-2ECC-414A-8A07-6ED64294DDD5}.Debug|Any CPU.ActiveCfg = Debug|Any CPU
		{7860C745-2ECC-414A-8A07-6ED64294DDD5}.Debug|Any CPU.Build.0 = Debug|Any CPU
		{7860C745-2ECC-414A-8A07-6ED64294DDD5}.Release|Any CPU.ActiveCfg = Release|Any CPU
		{7860C745-2ECC-414A-8A07-6ED64294DDD5}.Release|Any CPU.Build.0 = Release|Any CPU
	EndGlobalSection
	GlobalSection(SolutionProperties) = preSolution
		HideSolutionNode = FALSE
	EndGlobalSection
	GlobalSection(ExtensibilityGlobals) = postSolution
		SolutionGuid = {D5C6DE5D-2D92-460E-9B51-30A3879BECB9}
	EndGlobalSection
EndGlobal
